
Microsoft Visual Studio Solution File, Format Version 12.00
# Visual Studio Version 16
VisualStudioVersion = 16.0.30204.135
MinimumVisualStudioVersion = 10.0.40219.1
Project("{FAE04EC0-301F-11D3-BF4B-00C04F79EFBC}") = "wa_tableau2dim", "wa_tableau2dim\wa_tableau2dim.csproj", "{1348D0E3-6AFD-422A-9E53-87426DF7C735}"
EndProject
Global
	GlobalSection(SolutionConfigurationPlatforms) = preSolution
		Debug|Any CPU = Debug|Any CPU
		Release|Any CPU = Release|Any CPU
	EndGlobalSection
	GlobalSection(ProjectConfigurationPlatforms) = postSolution
		{1348D0E3-6AFD-422A-9E53-87426DF7C735}.Debug|Any CPU.ActiveCfg = Debug|Any CPU
		{1348D0E3-6AFD-422A-9E53-87426DF7C735}.Debug|Any CPU.Build.0 = Debug|Any CPU
		{1348D0E3-6AFD-422A-9E53-87426DF7C735}.Release|Any CPU.ActiveCfg = Release|Any CPU
		{1348D0E3-6AFD-422A-9E53-87426DF7C735}.Release|Any CPU.Build.0 = Release|Any CPU
	EndGlobalSection
	GlobalSection(SolutionProperties) = preSolution
		HideSolutionNode = FALSE
	EndGlobalSection
	GlobalSection(ExtensibilityGlobals) = postSolution
		SolutionGuid = {F818944B-3F2C-4221-B706-2E146E8F9198}
	EndGlobalSection
EndGlobal
